
Microsoft Visual Studio Solution File, Format Version 12.00
# Visual Studio 15
VisualStudioVersion = 15.0.28307.779
MinimumVisualStudioVersion = 10.0.40219.1
Project("{888888A0-9F3D-457C-B088-3A5042F75D52}") = "PythonATM 181120", "PythonATM 181120\PythonATM 181120.pyproj", "{EA307351-983E-4F0C-99F9-158EF2EDC113}"
EndProject
Global
	GlobalSection(SolutionConfigurationPlatforms) = preSolution
		Debug|Any CPU = Debug|Any CPU
		Release|Any CPU = Release|Any CPU
	EndGlobalSection
	GlobalSection(ProjectConfigurationPlatforms) = postSolution
		{EA307351-983E-4F0C-99F9-158EF2EDC113}.Debug|Any CPU.ActiveCfg = Debug|Any CPU
		{EA307351-983E-4F0C-99F9-158EF2EDC113}.Release|Any CPU.ActiveCfg = Release|Any CPU
	EndGlobalSection
	GlobalSection(SolutionProperties) = preSolution
		HideSolutionNode = FALSE
	EndGlobalSection
	GlobalSection(ExtensibilityGlobals) = postSolution
		SolutionGuid = {712C0EB2-42A0-4231-9966-467ECB7193AE}
	EndGlobalSection
EndGlobal
